<?xml version="1.0" encoding="utf-8"?>
<Project ToolsVersion="4.0" xmlns="http://schemas.microsoft.com/developer/msbuild/2003">
  <ItemGroup>
    <Filter Include="Header Files">
      <UniqueIdentifier>{93995380-89BD-4b04-88EB-625FBE52EBFB}</UniqueIdentifier>
      <Extensions>h;hh;hpp;hxx;h++;hm;inl;inc;ipp;xsd</Extensions>
    </Filter>
    <Filter Include="Resource Files">
      <UniqueIdentifier>{67DA6AB6-F800-4c08-8B7A-83BB121AAD01}</UniqueIdentifier>
      <Extensions>rc;ico;cur;bmp;dlg;rc2;rct;bin;rgs;gif;jpg;jpeg;jpe;resx;tiff;tif;png;wav;mfcribbon-ms</Extensions>
    </Filter>
    <Filter Include="src">
      <UniqueIdentifier>{4FC737F1-C7A5-4376-A066-2A32D752A2FF}</UniqueIdentifier>
      <Extensions>cpp;c;cc;cxx;c++;cppm;ixx;def;odl;idl;hpj;bat;asm;asmx</Extensions>
    </Filter>
    <Filter Include="src\Elements">
      <UniqueIdentifier>{41d6ffc4-c3f8-4b7b-8e1f-35e28612da0b}</UniqueIdentifier>
    </Filter>
    <Filter Include="src\Nodes">
      <UniqueIdentifier>{87ca3df3-8be0-42c6-b043-3a4a0384067e}</UniqueIdentifier>
    </Filter>
    <Filter Include="src\Section">
      <UniqueIdentifier>{a275202a-e70c-4aa3-ac44-a7ed9e343c01}</UniqueIdentifier>
    </Filter>
    <Filter Include="src\Utils">
      <UniqueIdentifier>{fd1b828a-f2a2-457a-b74a-0266962378c9}</UniqueIdentifier>
    </Filter>
    <Filter Include="src\Material">
      <UniqueIdentifier>{70c6ae0d-0adf-4552-8f09-c774e59fd228}</UniqueIdentifier>
    </Filter>
    <Filter Include="src\BoundaryConditions">
      <UniqueIdentifier>{b612be24-c6ab-477e-b8a9-697d3bc79fac}</UniqueIdentifier>
    </Filter>
    <Filter Include="src\Structure">
      <UniqueIdentifier>{e7918c1d-cce8-4aac-9d89-8ef65599b011}</UniqueIdentifier>
    </Filter>
    <Filter Include="src\Solvers">
      <UniqueIdentifier>{cab09c87-b423-4006-89bc-410f2ae91a52}</UniqueIdentifier>
    </Filter>
    <Filter Include="src\Loadings">
      <UniqueIdentifier>{754ba1d6-50ed-4303-9aaa-ee9a4bccd2d3}</UniqueIdentifier>
    </Filter>
  </ItemGroup>
  <ItemGroup>
    <ClCompile Include="AnalysisEngine.cpp">
      <Filter>src</Filter>
    </ClCompile>
    <ClCompile Include="src\FrameMember.cpp">
      <Filter>src\Elements</Filter>
    </ClCompile>
    <ClCompile Include="src\GeometryHelper.cpp">
      <Filter>src\Utils</Filter>
    </ClCompile>
    <ClCompile Include="src\Node.cpp">
      <Filter>src\Nodes</Filter>
    </ClCompile>
    <ClCompile Include="src\Piece.cpp">
      <Filter>src\Section</Filter>
    </ClCompile>
    <ClCompile Include="src\Section.cpp">
      <Filter>src\Section</Filter>
    </ClCompile>
    <ClCompile Include="src\SerendipityShell.cpp">
      <Filter>src\Elements</Filter>
    </ClCompile>
    <ClCompile Include="src\Shell.cpp">
      <Filter>src\Elements</Filter>
    </ClCompile>
    <ClCompile Include="src\Structure.cpp">
      <Filter>src\Structure</Filter>
    </ClCompile>
    <ClCompile Include="src\StructureSolver.cpp">
      <Filter>src\Solvers</Filter>
    </ClCompile>
    <ClCompile Include="src\TrussMember.cpp">
      <Filter>src\Elements</Filter>
    </ClCompile>
    <ClCompile Include="src\UtilMethods.cpp">
      <Filter>src\Utils</Filter>
    </ClCompile>
    <ClCompile Include="src\Vector.cpp">
      <Filter>src\Utils</Filter>
    </ClCompile>
    <ClCompile Include="src\Shape.cpp">
      <Filter>src</Filter>
    </ClCompile>
    <ClCompile Include="src\XYData.cpp">
      <Filter>src</Filter>
    </ClCompile>
  </ItemGroup>
  <ItemGroup>
    <ClInclude Include="include\DistributedLoad.h">
      <Filter>src\Loadings</Filter>
    </ClInclude>
    <ClInclude Include="include\Element.h">
      <Filter>src\Elements</Filter>
    </ClInclude>
    <ClInclude Include="include\FrameMember.h">
      <Filter>src\Elements</Filter>
    </ClInclude>
    <ClInclude Include="include\GeometryHelper.h">
      <Filter>src\Utils</Filter>
    </ClInclude>
    <ClInclude Include="include\Hinge.h">
      <Filter>src\BoundaryConditions</Filter>
    </ClInclude>
    <ClInclude Include="include\Material.h">
      <Filter>src\Material</Filter>
    </ClInclude>
    <ClInclude Include="include\Matrix.h">
      <Filter>src\Utils</Filter>
    </ClInclude>
    <ClInclude Include="include\NodalLoad.h">
      <Filter>src\Loadings</Filter>
    </ClInclude>
    <ClInclude Include="include\Node.h">
      <Filter>src\Nodes</Filter>
    </ClInclude>
    <ClInclude Include="include\Piece.h">
      <Filter>src\Section</Filter>
    </ClInclude>
    <ClInclude Include="include\Restraint.h">
      <Filter>src\BoundaryConditions</Filter>
    </ClInclude>
    <ClInclude Include="include\Section.h">
      <Filter>src\Section</Filter>
    </ClInclude>
    <ClInclude Include="include\SerendipityShell.h">
      <Filter>src\Elements</Filter>
    </ClInclude>
    <ClInclude Include="include\Shell.h">
      <Filter>src\Elements</Filter>
    </ClInclude>
    <ClInclude Include="include\Structure.h">
      <Filter>src\Structure</Filter>
    </ClInclude>
    <ClInclude Include="include\StructureSolver.h">
      <Filter>src\Solvers</Filter>
    </ClInclude>
    <ClInclude Include="include\TrussMember.h">
      <Filter>src\Elements</Filter>
    </ClInclude>
    <ClInclude Include="include\UtilMethods.h">
      <Filter>src\Utils</Filter>
    </ClInclude>
    <ClInclude Include="include\Vector.h">
      <Filter>src\Utils</Filter>
    </ClInclude>
    <ClInclude Include="include\XYPoint.h">
      <Filter>src\Utils</Filter>
    </ClInclude>
    <ClInclude Include="include\XYZPoint.h">
      <Filter>src\Utils</Filter>
    </ClInclude>
    <ClInclude Include="include\Shape.h">
      <Filter>Header Files</Filter>
    </ClInclude>
    <ClInclude Include="include\XYData.h">
      <Filter>Header Files</Filter>
    </ClInclude>
  </ItemGroup>
</Project>